{
  "name": "core.bot",
  "version": "0.0.7",
  "lockfileVersion": 1,
  "requires": true,
  "dependencies": {
    "core.constructor": {
      "version": "1.0.0",
      "resolved": "https://registry.npmjs.org/core.constructor/-/core.constructor-1.0.0.tgz",
      "integrity": "sha512-53TT/nOtHSQBOcJ57W9M61cORAuTmzoVLQBoZ62jNzQCQMutmkVrtH9Qp0/uu3Jdh9uhr1F5jTPTpRVdOI9xfQ=="
    }
  }
}
