{
  "name": "core.bot.local",
  "version": "1.0.0",
  "lockfileVersion": 1,
  "requires": true,
  "dependencies": {
    "core.plugin.uuid": {
      "version": "0.0.2",
      "resolved": "https://registry.npmjs.org/core.plugin.uuid/-/core.plugin.uuid-0.0.2.tgz",
      "integrity": "sha1-N8Ol6hQeiz3Dkyneia3BActGQBo="
    }
  }
}
